<?xml version="1.0" encoding="utf-8"?>
<Project ToolsVersion="4.0" xmlns="http://schemas.microsoft.com/developer/msbuild/2003">
  <ItemGroup>
    <Filter Include="Source Files">
      <UniqueIdentifier>{4FC737F1-C7A5-4376-A066-2A32D752A2FF}</UniqueIdentifier>
      <Extensions>cpp;c;cc;cxx;def;odl;idl;hpj;bat;asm;asmx</Extensions>
    </Filter>
    <Filter Include="Header Files">
      <UniqueIdentifier>{93995380-89BD-4b04-88EB-625FBE52EBFB}</UniqueIdentifier>
      <Extensions>h;hpp;hxx;hm;inl;inc;xsd</Extensions>
    </Filter>
    <Filter Include="Content">
      <UniqueIdentifier>{5e9d9e03-98ee-4f42-9b72-18ad7b49079a}</UniqueIdentifier>
    </Filter>
    <Filter Include="Content\Effects">
      <UniqueIdentifier>{bbf24e6a-fa5b-4181-8a13-17ca0858e960}</UniqueIdentifier>
    </Filter>
  </ItemGroup>
  <ItemGroup>
    <ClCompile Include="Program.cpp">
      <Filter>Source Files</Filter>
    </ClCompile>
    <ClCompile Include="RenderingGame.cpp">
      <Filter>Source Files</Filter>
    </ClCompile>
    <ClCompile Include="BlinnPhongDemo.cpp">
      <Filter>Source Files</Filter>
    </ClCompile>
  </ItemGroup>
  <ItemGroup>
    <ClInclude Include="RenderingGame.h">
      <Filter>Header Files</Filter>
    </ClInclude>
    <ClInclude Include="BlinnPhongDemo.h">
      <Filter>Header Files</Filter>
    </ClInclude>
  </ItemGroup>
  <ItemGroup>
    <FxCompile Include="PixelShader.hlsl">
      <Filter>Content\Effects</Filter>
    </FxCompile>
    <FxCompile Include="VertexShader.hlsl">
      <Filter>Content\Effects</Filter>
    </FxCompile>
  </ItemGroup>
</Project>